
Microsoft Visual Studio Solution File, Format Version 12.00
# Visual Studio 2013
VisualStudioVersion = 12.0.31101.0
MinimumVisualStudioVersion = 10.0.40219.1
Project("{FAE04EC0-301F-11D3-BF4B-00C04F79EFBC}") = "MuncherBackend", "MuncherClient\MuncherBackend.csproj", "{77F13B6F-CCD4-4B59-A0D3-FE9622B6C7BC}"
EndProject
Project("{FAE04EC0-301F-11D3-BF4B-00C04F79EFBC}") = "MuncherSite", "MuncherSite\MuncherSite.csproj", "{B51AADAB-9693-45F9-84FD-C354B5221741}"
EndProject
Project("{FAE04EC0-301F-11D3-BF4B-00C04F79EFBC}") = "MuncherApp", "MuncherApp\MuncherApp.csproj", "{69D9A321-6DD0-4B82-B384-A99CA80DBAC6}"
EndProject
Global
	GlobalSection(SolutionConfigurationPlatforms) = preSolution
		Debug|Any CPU = Debug|Any CPU
		Release|Any CPU = Release|Any CPU
	EndGlobalSection
	GlobalSection(ProjectConfigurationPlatforms) = postSolution
		{77F13B6F-CCD4-4B59-A0D3-FE9622B6C7BC}.Debug|Any CPU.ActiveCfg = Debug|Any CPU
		{77F13B6F-CCD4-4B59-A0D3-FE9622B6C7BC}.Debug|Any CPU.Build.0 = Debug|Any CPU
		{77F13B6F-CCD4-4B59-A0D3-FE9622B6C7BC}.Release|Any CPU.ActiveCfg = Release|Any CPU
		{77F13B6F-CCD4-4B59-A0D3-FE9622B6C7BC}.Release|Any CPU.Build.0 = Release|Any CPU
		{B51AADAB-9693-45F9-84FD-C354B5221741}.Debug|Any CPU.ActiveCfg = Debug|Any CPU
		{B51AADAB-9693-45F9-84FD-C354B5221741}.Debug|Any CPU.Build.0 = Debug|Any CPU
		{B51AADAB-9693-45F9-84FD-C354B5221741}.Release|Any CPU.ActiveCfg = Release|Any CPU
		{B51AADAB-9693-45F9-84FD-C354B5221741}.Release|Any CPU.Build.0 = Release|Any CPU
		{69D9A321-6DD0-4B82-B384-A99CA80DBAC6}.Debug|Any CPU.ActiveCfg = Debug|Any CPU
		{69D9A321-6DD0-4B82-B384-A99CA80DBAC6}.Debug|Any CPU.Build.0 = Debug|Any CPU
		{69D9A321-6DD0-4B82-B384-A99CA80DBAC6}.Debug|Any CPU.Deploy.0 = Debug|Any CPU
		{69D9A321-6DD0-4B82-B384-A99CA80DBAC6}.Release|Any CPU.ActiveCfg = Release|Any CPU
		{69D9A321-6DD0-4B82-B384-A99CA80DBAC6}.Release|Any CPU.Build.0 = Release|Any CPU
		{69D9A321-6DD0-4B82-B384-A99CA80DBAC6}.Release|Any CPU.Deploy.0 = Release|Any CPU
	EndGlobalSection
	GlobalSection(SolutionProperties) = preSolution
		HideSolutionNode = FALSE
	EndGlobalSection
EndGlobal
